
Microsoft Visual Studio Solution File, Format Version 12.00
# Visual Studio Version 17
VisualStudioVersion = 17.8.34511.84
MinimumVisualStudioVersion = 10.0.40219.1
Project("{FAE04EC0-301F-11D3-BF4B-00C04F79EFBC}") = "Lab02_01", "Lab02_01\Lab02_01.csproj", "{6F6A3C0F-7F5D-497A-A8A6-1578E049BD81}"
EndProject
Project("{FAE04EC0-301F-11D3-BF4B-00C04F79EFBC}") = "Lab02_02", "Lab02_02\Lab02_02.csproj", "{7F96A128-4528-49A4-A073-4C809333D73B}"
EndProject
Project("{FAE04EC0-301F-11D3-BF4B-00C04F79EFBC}") = "Lab02_03", "Lab02_03\Lab02_03.csproj", "{C0B8F92D-0531-492F-B0EE-0AEFC02D70CD}"
EndProject
Project("{FAE04EC0-301F-11D3-BF4B-00C04F79EFBC}") = "Lab02_04", "Lab02_04\Lab02_04.csproj", "{70F25239-807B-4AB2-8FA3-BA19A6ACDC84}"
EndProject
Global
	GlobalSection(SolutionConfigurationPlatforms) = preSolution
		Debug|Any CPU = Debug|Any CPU
		Release|Any CPU = Release|Any CPU
	EndGlobalSection
	GlobalSection(ProjectConfigurationPlatforms) = postSolution
		{6F6A3C0F-7F5D-497A-A8A6-1578E049BD81}.Debug|Any CPU.ActiveCfg = Debug|Any CPU
		{6F6A3C0F-7F5D-497A-A8A6-1578E049BD81}.Debug|Any CPU.Build.0 = Debug|Any CPU
		{6F6A3C0F-7F5D-497A-A8A6-1578E049BD81}.Release|Any CPU.ActiveCfg = Release|Any CPU
		{6F6A3C0F-7F5D-497A-A8A6-1578E049BD81}.Release|Any CPU.Build.0 = Release|Any CPU
		{7F96A128-4528-49A4-A073-4C809333D73B}.Debug|Any CPU.ActiveCfg = Debug|Any CPU
		{7F96A128-4528-49A4-A073-4C809333D73B}.Debug|Any CPU.Build.0 = Debug|Any CPU
		{7F96A128-4528-49A4-A073-4C809333D73B}.Release|Any CPU.ActiveCfg = Release|Any CPU
		{7F96A128-4528-49A4-A073-4C809333D73B}.Release|Any CPU.Build.0 = Release|Any CPU
		{C0B8F92D-0531-492F-B0EE-0AEFC02D70CD}.Debug|Any CPU.ActiveCfg = Debug|Any CPU
		{C0B8F92D-0531-492F-B0EE-0AEFC02D70CD}.Debug|Any CPU.Build.0 = Debug|Any CPU
		{C0B8F92D-0531-492F-B0EE-0AEFC02D70CD}.Release|Any CPU.ActiveCfg = Release|Any CPU
		{C0B8F92D-0531-492F-B0EE-0AEFC02D70CD}.Release|Any CPU.Build.0 = Release|Any CPU
		{70F25239-807B-4AB2-8FA3-BA19A6ACDC84}.Debug|Any CPU.ActiveCfg = Debug|Any CPU
		{70F25239-807B-4AB2-8FA3-BA19A6ACDC84}.Debug|Any CPU.Build.0 = Debug|Any CPU
		{70F25239-807B-4AB2-8FA3-BA19A6ACDC84}.Release|Any CPU.ActiveCfg = Release|Any CPU
		{70F25239-807B-4AB2-8FA3-BA19A6ACDC84}.Release|Any CPU.Build.0 = Release|Any CPU
	EndGlobalSection
	GlobalSection(SolutionProperties) = preSolution
		HideSolutionNode = FALSE
	EndGlobalSection
	GlobalSection(ExtensibilityGlobals) = postSolution
		SolutionGuid = {A6CB793F-1024-4FBD-907E-D99628F5FB30}
	EndGlobalSection
EndGlobal
